// !$*UTF8*$!
{
	archiveVersion = 1;
	classes = {
	};
	objectVersion = 50;
	objects = {

/* Begin PBXBuildFile section */
		EE119BC0257C59B5008A75F4 /* AppearAnimationApp.swift in Sources */ = {isa = PBXBuildFile; fileRef = EE119BBF257C59B5008A75F4 /* AppearAnimationApp.swift */; };
		EE119BC2257C59B5008A75F4 /* MainView.swift in Sources */ = {isa = PBXBuildFile; fileRef = EE119BC1257C59B5008A75F4 /* MainView.swift */; };
		EE119BC4257C59B5008A75F4 /* Assets.xcassets in Resources */ = {isa = PBXBuildFile; fileRef = EE119BC3257C59B5008A75F4 /* Assets.xcassets */; };
		EE119BC7257C59B5008A75F4 /* Preview Assets.xcassets in Resources */ = {isa = PBXBuildFile; fileRef = EE119BC6257C59B5008A75F4 /* Preview Assets.xcassets */; };
		EE119BD3257C62F4008A75F4 /* HomeView.swift in Sources */ = {isa = PBXBuildFile; fileRef = EE119BD2257C62F4008A75F4 /* HomeView.swift */; };
		EE119BD7257C630A008A75F4 /* ProfileView.swift in Sources */ = {isa = PBXBuildFile; fileRef = EE119BD6257C630A008A75F4 /* ProfileView.swift */; };
		EE119BDC257C6536008A75F4 /* TopBarView.swift in Sources */ = {isa = PBXBuildFile; fileRef = EE119BDB257C6536008A75F4 /* TopBarView.swift */; };
		EE119BE1257C68EB008A75F4 /* Extension.swift in Sources */ = {isa = PBXBuildFile; fileRef = EE119BE0257C68EB008A75F4 /* Extension.swift */; };
		EE119BE5257C6B60008A75F4 /* TopButton.swift in Sources */ = {isa = PBXBuildFile; fileRef = EE119BE4257C6B60008A75F4 /* TopButton.swift */; };
		EE119BEB257C75DD008A75F4 /* Shape.swift in Sources */ = {isa = PBXBuildFile; fileRef = EE119BEA257C75DD008A75F4 /* Shape.swift */; };
		EE119BF0257CA8CD008A75F4 /* CardView.swift in Sources */ = {isa = PBXBuildFile; fileRef = EE119BEF257CA8CD008A75F4 /* CardView.swift */; };
		EED434FB257D8E42007E3316 /* skillLabel.swift in Sources */ = {isa = PBXBuildFile; fileRef = EED434FA257D8E42007E3316 /* skillLabel.swift */; };
/* End PBXBuildFile section */

/* Begin PBXFileReference section */
		EE119BBC257C59B5008A75F4 /* AppearAnimation.app */ = {isa = PBXFileReference; explicitFileType = wrapper.application; includeInIndex = 0; path = AppearAnimation.app; sourceTree = BUILT_PRODUCTS_DIR; };
		EE119BBF257C59B5008A75F4 /* AppearAnimationApp.swift */ = {isa = PBXFileReference; lastKnownFileType = sourcecode.swift; path = AppearAnimationApp.swift; sourceTree = "<group>"; };
		EE119BC1257C59B5008A75F4 /* MainView.swift */ = {isa = PBXFileReference; lastKnownFileType = sourcecode.swift; path = MainView.swift; sourceTree = "<group>"; };
		EE119BC3257C59B5008A75F4 /* Assets.xcassets */ = {isa = PBXFileReference; lastKnownFileType = folder.assetcatalog; path = Assets.xcassets; sourceTree = "<group>"; };
		EE119BC6257C59B5008A75F4 /* Preview Assets.xcassets */ = {isa = PBXFileReference; lastKnownFileType = folder.assetcatalog; path = "Preview Assets.xcassets"; sourceTree = "<group>"; };
		EE119BC8257C59B5008A75F4 /* Info.plist */ = {isa = PBXFileReference; lastKnownFileType = text.plist.xml; path = Info.plist; sourceTree = "<group>"; };
		EE119BD2257C62F4008A75F4 /* HomeView.swift */ = {isa = PBXFileReference; lastKnownFileType = sourcecode.swift; path = HomeView.swift; sourceTree = "<group>"; };
		EE119BD6257C630A008A75F4 /* ProfileView.swift */ = {isa = PBXFileReference; lastKnownFileType = sourcecode.swift; path = ProfileView.swift; sourceTree = "<group>"; };
		EE119BDB257C6536008A75F4 /* TopBarView.swift */ = {isa = PBXFileReference; lastKnownFileType = sourcecode.swift; path = TopBarView.swift; sourceTree = "<group>"; };
		EE119BE0257C68EB008A75F4 /* Extension.swift */ = {isa = PBXFileReference; lastKnownFileType = sourcecode.swift; path = Extension.swift; sourceTree = "<group>"; };
		EE119BE4257C6B60008A75F4 /* TopButton.swift */ = {isa = PBXFileReference; lastKnownFileType = sourcecode.swift; path = TopButton.swift; sourceTree = "<group>"; };
		EE119BEA257C75DD008A75F4 /* Shape.swift */ = {isa = PBXFileReference; lastKnownFileType = sourcecode.swift; path = Shape.swift; sourceTree = "<group>"; };
		EE119BEF257CA8CD008A75F4 /* CardView.swift */ = {isa = PBXFileReference; lastKnownFileType = sourcecode.swift; path = CardView.swift; sourceTree = "<group>"; };
		EED434FA257D8E42007E3316 /* skillLabel.swift */ = {isa = PBXFileReference; lastKnownFileType = sourcecode.swift; path = skillLabel.swift; sourceTree = "<group>"; };
/* End PBXFileReference section */

/* Begin PBXFrameworksBuildPhase section */
		EE119BB9257C59B5008A75F4 /* Frameworks */ = {
			isa = PBXFrameworksBuildPhase;
			buildActionMask = 2147483647;
			files = (
			);
			runOnlyForDeploymentPostprocessing = 0;
		};
/* End PBXFrameworksBuildPhase section */

/* Begin PBXGroup section */
		EE119BB3257C59B5008A75F4 = {
			isa = PBXGroup;
			children = (
				EE119BBE257C59B5008A75F4 /* AppearAnimation */,
				EE119BBD257C59B5008A75F4 /* Products */,
			);
			sourceTree = "<group>";
		};
		EE119BBD257C59B5008A75F4 /* Products */ = {
			isa = PBXGroup;
			children = (
				EE119BBC257C59B5008A75F4 /* AppearAnimation.app */,
			);
			name = Products;
			sourceTree = "<group>";
		};
		EE119BBE257C59B5008A75F4 /* AppearAnimation */ = {
			isa = PBXGroup;
			children = (
				EE119BD0257C59C9008A75F4 /* View */,
				EE119BCF257C59BD008A75F4 /* App */,
				EE119BDF257C68DD008A75F4 /* Helper */,
				EE119BC3257C59B5008A75F4 /* Assets.xcassets */,
				EE119BC8257C59B5008A75F4 /* Info.plist */,
				EE119BC5257C59B5008A75F4 /* Preview Content */,
			);
			path = AppearAnimation;
			sourceTree = "<group>";
		};
		EE119BC5257C59B5008A75F4 /* Preview Content */ = {
			isa = PBXGroup;
			children = (
				EE119BC6257C59B5008A75F4 /* Preview Assets.xcassets */,
			);
			path = "Preview Content";
			sourceTree = "<group>";
		};
		EE119BCF257C59BD008A75F4 /* App */ = {
			isa = PBXGroup;
			children = (
				EE119BBF257C59B5008A75F4 /* AppearAnimationApp.swift */,
				EE119BC1257C59B5008A75F4 /* MainView.swift */,
				EE119BD2257C62F4008A75F4 /* HomeView.swift */,
				EE119BD6257C630A008A75F4 /* ProfileView.swift */,
			);
			path = App;
			sourceTree = "<group>";
		};
		EE119BD0257C59C9008A75F4 /* View */ = {
			isa = PBXGroup;
			children = (
				EE119BD9257C6522008A75F4 /* Home */,
				EE119BDA257C6526008A75F4 /* Profile */,
			);
			path = View;
			sourceTree = "<group>";
		};
		EE119BD9257C6522008A75F4 /* Home */ = {
			isa = PBXGroup;
			children = (
				EE119BDB257C6536008A75F4 /* TopBarView.swift */,
				EE119BE4257C6B60008A75F4 /* TopButton.swift */,
				EE119BEF257CA8CD008A75F4 /* CardView.swift */,
			);
			path = Home;
			sourceTree = "<group>";
		};
		EE119BDA257C6526008A75F4 /* Profile */ = {
			isa = PBXGroup;
			children = (
				EED434FA257D8E42007E3316 /* skillLabel.swift */,
			);
			path = Profile;
			sourceTree = "<group>";
		};
		EE119BDF257C68DD008A75F4 /* Helper */ = {
			isa = PBXGroup;
			children = (
				EE119BE0257C68EB008A75F4 /* Extension.swift */,
				EE119BEA257C75DD008A75F4 /* Shape.swift */,
			);
			path = Helper;
			sourceTree = "<group>";
		};
/* End PBXGroup section */

/* Begin PBXNativeTarget section */
		EE119BBB257C59B5008A75F4 /* AppearAnimation */ = {
			isa = PBXNativeTarget;
			buildConfigurationList = EE119BCB257C59B5008A75F4 /* Build configuration list for PBXNativeTarget "AppearAnimation" */;
			buildPhases = (
				EE119BB8257C59B5008A75F4 /* Sources */,
				EE119BB9257C59B5008A75F4 /* Frameworks */,
				EE119BBA257C59B5008A75F4 /* Resources */,
			);
			buildRules = (
			);
			dependencies = (
			);
			name = AppearAnimation;
			productName = AppearAnimation;
			productReference = EE119BBC257C59B5008A75F4 /* AppearAnimation.app */;
			productType = "com.apple.product-type.application";
		};
/* End PBXNativeTarget section */

/* Begin PBXProject section */
		EE119BB4257C59B5008A75F4 /* Project object */ = {
			isa = PBXProject;
			attributes = {
				LastSwiftUpdateCheck = 1220;
				LastUpgradeCheck = 1220;
				TargetAttributes = {
					EE119BBB257C59B5008A75F4 = {
						CreatedOnToolsVersion = 12.2;
					};
				};
			};
			buildConfigurationList = EE119BB7257C59B5008A75F4 /* Build configuration list for PBXProject "AppearAnimation" */;
			compatibilityVersion = "Xcode 9.3";
			developmentRegion = en;
			hasScannedForEncodings = 0;
			knownRegions = (
				en,
				Base,
			);
			mainGroup = EE119BB3257C59B5008A75F4;
			productRefGroup = EE119BBD257C59B5008A75F4 /* Products */;
			projectDirPath = "";
			projectRoot = "";
			targets = (
				EE119BBB257C59B5008A75F4 /* AppearAnimation */,
			);
		};
/* End PBXProject section */

/* Begin PBXResourcesBuildPhase section */
		EE119BBA257C59B5008A75F4 /* Resources */ = {
			isa = PBXResourcesBuildPhase;
			buildActionMask = 2147483647;
			files = (
				EE119BC7257C59B5008A75F4 /* Preview Assets.xcassets in Resources */,
				EE119BC4257C59B5008A75F4 /* Assets.xcassets in Resources */,
			);
			runOnlyForDeploymentPostprocessing = 0;
		};
/* End PBXResourcesBuildPhase section */

/* Begin PBXSourcesBuildPhase section */
		EE119BB8257C59B5008A75F4 /* Sources */ = {
			isa = PBXSourcesBuildPhase;
			buildActionMask = 2147483647;
			files = (
				EE119BE5257C6B60008A75F4 /* TopButton.swift in Sources */,
				EE119BF0257CA8CD008A75F4 /* CardView.swift in Sources */,
				EE119BDC257C6536008A75F4 /* TopBarView.swift in Sources */,
				EE119BD7257C630A008A75F4 /* ProfileView.swift in Sources */,
				EE119BD3257C62F4008A75F4 /* HomeView.swift in Sources */,
				EE119BE1257C68EB008A75F4 /* Extension.swift in Sources */,
				EED434FB257D8E42007E3316 /* skillLabel.swift in Sources */,
				EE119BC2257C59B5008A75F4 /* MainView.swift in Sources */,
				EE119BC0257C59B5008A75F4 /* AppearAnimationApp.swift in Sources */,
				EE119BEB257C75DD008A75F4 /* Shape.swift in Sources */,
			);
			runOnlyForDeploymentPostprocessing = 0;
		};
/* End PBXSourcesBuildPhase section */

/* Begin XCBuildConfiguration section */
		EE119BC9257C59B5008A75F4 /* Debug */ = {
			isa = XCBuildConfiguration;
			buildSettings = {
				ALWAYS_SEARCH_USER_PATHS = NO;
				CLANG_ANALYZER_NONNULL = YES;
				CLANG_ANALYZER_NUMBER_OBJECT_CONVERSION = YES_AGGRESSIVE;
				CLANG_CXX_LANGUAGE_STANDARD = "gnu++14";
				CLANG_CXX_LIBRARY = "libc++";
				CLANG_ENABLE_MODULES = YES;
				CLANG_ENABLE_OBJC_ARC = YES;
				CLANG_ENABLE_OBJC_WEAK = YES;
				CLANG_WARN_BLOCK_CAPTURE_AUTORELEASING = YES;
				CLANG_WARN_BOOL_CONVERSION = YES;
				CLANG_WARN_COMMA = YES;
				CLANG_WARN_CONSTANT_CONVERSION = YES;
				CLANG_WARN_DEPRECATED_OBJC_IMPLEMENTATIONS = YES;
				CLANG_WARN_DIRECT_OBJC_ISA_USAGE = YES_ERROR;
				CLANG_WARN_DOCUMENTATION_COMMENTS = YES;
				CLANG_WARN_EMPTY_BODY = YES;
				CLANG_WARN_ENUM_CONVERSION = YES;
				CLANG_WARN_INFINITE_RECURSION = YES;
				CLANG_WARN_INT_CONVERSION = YES;
				CLANG_WARN_NON_LITERAL_NULL_CONVERSION = YES;
				CLANG_WARN_OBJC_IMPLICIT_RETAIN_SELF = YES;
				CLANG_WARN_OBJC_LITERAL_CONVERSION = YES;
				CLANG_WARN_OBJC_ROOT_CLASS = YES_ERROR;
				CLANG_WARN_QUOTED_INCLUDE_IN_FRAMEWORK_HEADER = YES;
				CLANG_WARN_RANGE_LOOP_ANALYSIS = YES;
				CLANG_WARN_STRICT_PROTOTYPES = YES;
				CLANG_WARN_SUSPICIOUS_MOVE = YES;
				CLANG_WARN_UNGUARDED_AVAILABILITY = YES_AGGRESSIVE;
				CLANG_WARN_UNREACHABLE_CODE = YES;
				CLANG_WARN__DUPLICATE_METHOD_MATCH = YES;
				COPY_PHASE_STRIP = NO;
				DEBUG_INFORMATION_FORMAT = dwarf;
				ENABLE_STRICT_OBJC_MSGSEND = YES;
				ENABLE_TESTABILITY = YES;
				GCC_C_LANGUAGE_STANDARD = gnu11;
				GCC_DYNAMIC_NO_PIC = NO;
				GCC_NO_COMMON_BLOCKS = YES;
				GCC_OPTIMIZATION_LEVEL = 0;
				GCC_PREPROCESSOR_DEFINITIONS = (
					"DEBUG=1",
					"$(inherited)",
				);
				GCC_WARN_64_TO_32_BIT_CONVERSION = YES;
				GCC_WARN_ABOUT_RETURN_TYPE = YES_ERROR;
				GCC_WARN_UNDECLARED_SELECTOR = YES;
				GCC_WARN_UNINITIALIZED_AUTOS = YES_AGGRESSIVE;
				GCC_WARN_UNUSED_FUNCTION = YES;
				GCC_WARN_UNUSED_VARIABLE = YES;
				IPHONEOS_DEPLOYMENT_TARGET = 14.2;
				MTL_ENABLE_DEBUG_INFO = INCLUDE_SOURCE;
				MTL_FAST_MATH = YES;
				ONLY_ACTIVE_ARCH = YES;
				SDKROOT = iphoneos;
				SWIFT_ACTIVE_COMPILATION_CONDITIONS = DEBUG;
				SWIFT_OPTIMIZATION_LEVEL = "-Onone";
			};
			name = Debug;
		};
		EE119BCA257C59B5008A75F4 /* Release */ = {
			isa = XCBuildConfiguration;
			buildSettings = {
				ALWAYS_SEARCH_USER_PATHS = NO;
				CLANG_ANALYZER_NONNULL = YES;
				CLANG_ANALYZER_NUMBER_OBJECT_CONVERSION = YES_AGGRESSIVE;
				CLANG_CXX_LANGUAGE_STANDARD = "gnu++14";
				CLANG_CXX_LIBRARY = "libc++";
				CLANG_ENABLE_MODULES = YES;
				CLANG_ENABLE_OBJC_ARC = YES;
				CLANG_ENABLE_OBJC_WEAK = YES;
				CLANG_WARN_BLOCK_CAPTURE_AUTORELEASING = YES;
				CLANG_WARN_BOOL_CONVERSION = YES;
				CLANG_WARN_COMMA = YES;
				CLANG_WARN_CONSTANT_CONVERSION = YES;
				CLANG_WARN_DEPRECATED_OBJC_IMPLEMENTATIONS = YES;
				CLANG_WARN_DIRECT_OBJC_ISA_USAGE = YES_ERROR;
				CLANG_WARN_DOCUMENTATION_COMMENTS = YES;
				CLANG_WARN_EMPTY_BODY = YES;
				CLANG_WARN_ENUM_CONVERSION = YES;
				CLANG_WARN_INFINITE_RECURSION = YES;
				CLANG_WARN_INT_CONVERSION = YES;
				CLANG_WARN_NON_LITERAL_NULL_CONVERSION = YES;
				CLANG_WARN_OBJC_IMPLICIT_RETAIN_SELF = YES;
				CLANG_WARN_OBJC_LITERAL_CONVERSION = YES;
				CLANG_WARN_OBJC_ROOT_CLASS = YES_ERROR;
				CLANG_WARN_QUOTED_INCLUDE_IN_FRAMEWORK_HEADER = YES;
				CLANG_WARN_RANGE_LOOP_ANALYSIS = YES;
				CLANG_WARN_STRICT_PROTOTYPES = YES;
				CLANG_WARN_SUSPICIOUS_MOVE = YES;
				CLANG_WARN_UNGUARDED_AVAILABILITY = YES_AGGRESSIVE;
				CLANG_WARN_UNREACHABLE_CODE = YES;
				CLANG_WARN__DUPLICATE_METHOD_MATCH = YES;
				COPY_PHASE_STRIP = NO;
				DEBUG_INFORMATION_FORMAT = "dwarf-with-dsym";
				ENABLE_NS_ASSERTIONS = NO;
				ENABLE_STRICT_OBJC_MSGSEND = YES;
				GCC_C_LANGUAGE_STANDARD = gnu11;
				GCC_NO_COMMON_BLOCKS = YES;
				GCC_WARN_64_TO_32_BIT_CONVERSION = YES;
				GCC_WARN_ABOUT_RETURN_TYPE = YES_ERROR;
				GCC_WARN_UNDECLARED_SELECTOR = YES;
				GCC_WARN_UNINITIALIZED_AUTOS = YES_AGGRESSIVE;
				GCC_WARN_UNUSED_FUNCTION = YES;
				GCC_WARN_UNUSED_VARIABLE = YES;
				IPHONEOS_DEPLOYMENT_TARGET = 14.2;
				MTL_ENABLE_DEBUG_INFO = NO;
				MTL_FAST_MATH = YES;
				SDKROOT = iphoneos;
				SWIFT_COMPILATION_MODE = wholemodule;
				SWIFT_OPTIMIZATION_LEVEL = "-O";
				VALIDATE_PRODUCT = YES;
			};
			name = Release;
		};
		EE119BCC257C59B5008A75F4 /* Debug */ = {
			isa = XCBuildConfiguration;
			buildSettings = {
				ASSETCATALOG_COMPILER_APPICON_NAME = AppIcon;
				ASSETCATALOG_COMPILER_GLOBAL_ACCENT_COLOR_NAME = AccentColor;
				CODE_SIGN_STYLE = Automatic;
				DEVELOPMENT_ASSET_PATHS = "\"AppearAnimation/Preview Content\"";
				ENABLE_PREVIEWS = YES;
				INFOPLIST_FILE = AppearAnimation/Info.plist;
				IPHONEOS_DEPLOYMENT_TARGET = 14.0;
				LD_RUNPATH_SEARCH_PATHS = (
					"$(inherited)",
					"@executable_path/Frameworks",
				);
				PRODUCT_BUNDLE_IDENTIFIER = com.tefusakipuita.AppearAnimation;
				PRODUCT_NAME = "$(TARGET_NAME)";
				SWIFT_VERSION = 5.0;
				TARGETED_DEVICE_FAMILY = "1,2";
			};
			name = Debug;
		};
		EE119BCD257C59B5008A75F4 /* Release */ = {
			isa = XCBuildConfiguration;
			buildSettings = {
				ASSETCATALOG_COMPILER_APPICON_NAME = AppIcon;
				ASSETCATALOG_COMPILER_GLOBAL_ACCENT_COLOR_NAME = AccentColor;
				CODE_SIGN_STYLE = Automatic;
				DEVELOPMENT_ASSET_PATHS = "\"AppearAnimation/Preview Content\"";
				ENABLE_PREVIEWS = YES;
				INFOPLIST_FILE = AppearAnimation/Info.plist;
				IPHONEOS_DEPLOYMENT_TARGET = 14.0;
				LD_RUNPATH_SEARCH_PATHS = (
					"$(inherited)",
					"@executable_path/Frameworks",
				);
				PRODUCT_BUNDLE_IDENTIFIER = com.tefusakipuita.AppearAnimation;
				PRODUCT_NAME = "$(TARGET_NAME)";
				SWIFT_VERSION = 5.0;
				TARGETED_DEVICE_FAMILY = "1,2";
			};
			name = Release;
		};
/* End XCBuildConfiguration section */

/* Begin XCConfigurationList section */
		EE119BB7257C59B5008A75F4 /* Build configuration list for PBXProject "AppearAnimation" */ = {
			isa = XCConfigurationList;
			buildConfigurations = (
				EE119BC9257C59B5008A75F4 /* Debug */,
				EE119BCA257C59B5008A75F4 /* Release */,
			);
			defaultConfigurationIsVisible = 0;
			defaultConfigurationName = Release;
		};
		EE119BCB257C59B5008A75F4 /* Build configuration list for PBXNativeTarget "AppearAnimation" */ = {
			isa = XCConfigurationList;
			buildConfigurations = (
				EE119BCC257C59B5008A75F4 /* Debug */,
				EE119BCD257C59B5008A75F4 /* Release */,
			);
			defaultConfigurationIsVisible = 0;
			defaultConfigurationName = Release;
		};
/* End XCConfigurationList section */
	};
	rootObject = EE119BB4257C59B5008A75F4 /* Project object */;
}
